
Microsoft Visual Studio Solution File, Format Version 12.00
# Visual Studio Version 16
VisualStudioVersion = 16.0.30114.105
MinimumVisualStudioVersion = 10.0.40219.1
Project("{FAE04EC0-301F-11D3-BF4B-00C04F79EFBC}") = "ExerciseDirectory", "ExerciseDirectory\ExerciseDirectory.csproj", "{8195FE19-748E-40F0-B860-ADB92FA64A2C}"
EndProject
Project("{FAE04EC0-301F-11D3-BF4B-00C04F79EFBC}") = "ExerciseDirectory.Tests", "ExerciseDirectory.Tests\ExerciseDirectory.Tests.csproj", "{E06B8588-D517-430A-8DEA-2153792F9A12}"
EndProject
Global
	GlobalSection(SolutionConfigurationPlatforms) = preSolution
		Debug|Any CPU = Debug|Any CPU
		Release|Any CPU = Release|Any CPU
	EndGlobalSection
	GlobalSection(SolutionProperties) = preSolution
		HideSolutionNode = FALSE
	EndGlobalSection
	GlobalSection(ProjectConfigurationPlatforms) = postSolution
		{8195FE19-748E-40F0-B860-ADB92FA64A2C}.Debug|Any CPU.ActiveCfg = Debug|Any CPU
		{8195FE19-748E-40F0-B860-ADB92FA64A2C}.Debug|Any CPU.Build.0 = Debug|Any CPU
		{8195FE19-748E-40F0-B860-ADB92FA64A2C}.Release|Any CPU.ActiveCfg = Release|Any CPU
		{8195FE19-748E-40F0-B860-ADB92FA64A2C}.Release|Any CPU.Build.0 = Release|Any CPU
		{E06B8588-D517-430A-8DEA-2153792F9A12}.Debug|Any CPU.ActiveCfg = Debug|Any CPU
		{E06B8588-D517-430A-8DEA-2153792F9A12}.Debug|Any CPU.Build.0 = Debug|Any CPU
		{E06B8588-D517-430A-8DEA-2153792F9A12}.Release|Any CPU.ActiveCfg = Release|Any CPU
		{E06B8588-D517-430A-8DEA-2153792F9A12}.Release|Any CPU.Build.0 = Release|Any CPU
	EndGlobalSection
EndGlobal
